{
  "lockfileVersion": 1,
  "configVersion": 1,
  "workspaces": {
    "": {
      "dependencies": {
        "@clack/prompts": "^1.0.1",
        "js-toml": "^1.0.2",
        "toml": "^3.0.0",
      },
    },
  },
  "packages": {
    "@babel/runtime-corejs3": ["@babel/runtime-corejs3@7.29.0", "", { "dependencies": { "core-js-pure": "^3.48.0" } }, "sha512-TgUkdp71C9pIbBcHudc+gXZnihEDOjUAmXO1VO4HHGES7QLZcShR0stfKIxLSNIYx2fqhmJChOjm/wkF8wv4gA=="],

    "@chevrotain/cst-dts-gen": ["@chevrotain/cst-dts-gen@11.1.1", "", { "dependencies": { "@chevrotain/gast": "11.1.1", "@chevrotain/types": "11.1.1", "lodash-es": "4.17.23" } }, "sha512-fRHyv6/f542qQqiRGalrfJl/evD39mAvbJLCekPazhiextEatq1Jx1K/i9gSd5NNO0ds03ek0Cbo/4uVKmOBcw=="],

    "@chevrotain/gast": ["@chevrotain/gast@11.1.1", "", { "dependencies": { "@chevrotain/types": "11.1.1", "lodash-es": "4.17.23" } }, "sha512-Ko/5vPEYy1vn5CbCjjvnSO4U7GgxyGm+dfUZZJIWTlQFkXkyym0jFYrWEU10hyCjrA7rQtiHtBr0EaZqvHFZvg=="],

    "@chevrotain/regexp-to-ast": ["@chevrotain/regexp-to-ast@11.1.1", "", {}, "sha512-ctRw1OKSXkOrR8VTvOxrQ5USEc4sNrfwXHa1NuTcR7wre4YbjPcKw+82C2uylg/TEwFRgwLmbhlln4qkmDyteg=="],

    "@chevrotain/types": ["@chevrotain/types@11.1.1", "", {}, "sha512-wb2ToxG8LkgPYnKe9FH8oGn3TMCBdnwiuNC5l5y+CtlaVRbCytU0kbVsk6CGrqTL4ZN4ksJa0TXOYbxpbthtqw=="],

    "@chevrotain/utils": ["@chevrotain/utils@11.1.1", "", {}, "sha512-71eTYMzYXYSFPrbg/ZwftSaSDld7UYlS8OQa3lNnn9jzNtpFbaReRRyghzqS7rI3CDaorqpPJJcXGHK+FE1TVQ=="],

    "@clack/core": ["@clack/core@1.0.1", "", { "dependencies": { "picocolors": "^1.0.0", "sisteransi": "^1.0.5" } }, "sha512-WKeyK3NOBwDOzagPR5H08rFk9D/WuN705yEbuZvKqlkmoLM2woKtXb10OO2k1NoSU4SFG947i2/SCYh+2u5e4g=="],

    "@clack/prompts": ["@clack/prompts@1.0.1", "", { "dependencies": { "@clack/core": "1.0.1", "picocolors": "^1.0.0", "sisteransi": "^1.0.5" } }, "sha512-/42G73JkuYdyWZ6m8d/CJtBrGl1Hegyc7Fy78m5Ob+jF85TOUmLR5XLce/U3LxYAw0kJ8CT5aI99RIvPHcGp/Q=="],

    "chevrotain": ["chevrotain@11.1.1", "", { "dependencies": { "@chevrotain/cst-dts-gen": "11.1.1", "@chevrotain/gast": "11.1.1", "@chevrotain/regexp-to-ast": "11.1.1", "@chevrotain/types": "11.1.1", "@chevrotain/utils": "11.1.1", "lodash-es": "4.17.23" } }, "sha512-f0yv5CPKaFxfsPTBzX7vGuim4oIC1/gcS7LUGdBSwl2dU6+FON6LVUksdOo1qJjoUvXNn45urgh8C+0a24pACQ=="],

    "core-js-pure": ["core-js-pure@3.48.0", "", {}, "sha512-1slJgk89tWC51HQ1AEqG+s2VuwpTRr8ocu4n20QUcH1v9lAN0RXen0Q0AABa/DK1I7RrNWLucplOHMx8hfTGTw=="],

    "js-toml": ["js-toml@1.0.2", "", { "dependencies": { "chevrotain": "^11.0.3", "xregexp": "^5.1.1" } }, "sha512-/7IQ//bzn2a/5IDazPUNzlW7bsjxS51cxciYZDR+Z+3Le60yzT0YfI8KOWqTtBcZkXXVklhWd2OuGd8ZksB0wQ=="],

    "lodash-es": ["lodash-es@4.17.23", "", {}, "sha512-kVI48u3PZr38HdYz98UmfPnXl2DXrpdctLrFLCd3kOx1xUkOmpFPx7gCWWM5MPkL/fD8zb+Ph0QzjGFs4+hHWg=="],

    "picocolors": ["picocolors@1.1.1", "", {}, "sha512-xceH2snhtb5M9liqDsmEw56le376mTZkEX/jEb/RxNFyegNul7eNslCXP9FDj/Lcu0X8KEyMceP2ntpaHrDEVA=="],

    "sisteransi": ["sisteransi@1.0.5", "", {}, "sha512-bLGGlR1QxBcynn2d5YmDX4MGjlZvy2MRBDRNHLJ8VI6l6+9FUiyTFNJ0IveOSP0bcXgVDPRcfGqA0pjaqUpfVg=="],

    "toml": ["toml@3.0.0", "", {}, "sha512-y/mWCZinnvxjTKYhJ+pYxwD0mRLVvOtdS2Awbgxln6iEnt4rk0yBxeSBHkGJcPucRiG0e55mwWp+g/05rsrd6w=="],

    "xregexp": ["xregexp@5.1.2", "", { "dependencies": { "@babel/runtime-corejs3": "^7.26.9" } }, "sha512-6hGgEMCGhqCTFEJbqmWrNIPqfpdirdGWkqshu7fFZddmTSfgv5Sn9D2SaKloR79s5VUiUlpwzg3CM3G6D3VIlw=="],
  }
}
